
Microsoft Visual Studio Solution File, Format Version 12.00
# Visual Studio Version 17
VisualStudioVersion = 17.1.32210.238
MinimumVisualStudioVersion = 10.0.40219.1
Project("{9A19103F-16F7-4668-BE54-9A1E7A4F7556}") = "NewUploaderGuiTechnicalResearch", "NewUploaderGuiTechnicalResearch\NewUploaderGuiTechnicalResearch.csproj", "{792AB485-1B3B-4129-BF32-53F349B433E6}"
EndProject
Project("{2150E333-8FDC-42A3-9474-1A3956D46DE8}") = "Solution Items", "Solution Items", "{01A1933D-B852-4617-9468-7DD8D5390B8B}"
	ProjectSection(SolutionItems) = preProject
		.editorconfig = .editorconfig
	EndProjectSection
EndProject
Project("{9A19103F-16F7-4668-BE54-9A1E7A4F7556}") = "TabControlResearch", "TabControlResearch\TabControlResearch.csproj", "{E3C67968-B1C1-4735-84AD-31C68FE13179}"
EndProject
Project("{9A19103F-16F7-4668-BE54-9A1E7A4F7556}") = "CheckBoxResearch", "CheckBoxResearch\CheckBoxResearch.csproj", "{863158F3-DD99-4444-BC06-015DD37BC7AD}"
EndProject
Project("{9A19103F-16F7-4668-BE54-9A1E7A4F7556}") = "LIstViewResearch", "LIstViewResearch\LIstViewResearch.csproj", "{EADE16EA-051A-4B50-80E1-A522CFD13082}"
EndProject
Project("{9A19103F-16F7-4668-BE54-9A1E7A4F7556}") = "ScrollBarResearch", "ScrollBarResearch\ScrollBarResearch.csproj", "{ED1426AE-AEC4-4B9A-B38F-003D067748D6}"
EndProject
Project("{FAE04EC0-301F-11D3-BF4B-00C04F79EFBC}") = "ListViewResearch2", "ListViewResearch2\ListViewResearch2.csproj", "{0C1F2A58-76F6-47E9-84EC-07FBC5B9CD0B}"
EndProject
Global
	GlobalSection(SolutionConfigurationPlatforms) = preSolution
		Debug|Any CPU = Debug|Any CPU
		Release|Any CPU = Release|Any CPU
	EndGlobalSection
	GlobalSection(ProjectConfigurationPlatforms) = postSolution
		{792AB485-1B3B-4129-BF32-53F349B433E6}.Debug|Any CPU.ActiveCfg = Debug|Any CPU
		{792AB485-1B3B-4129-BF32-53F349B433E6}.Debug|Any CPU.Build.0 = Debug|Any CPU
		{792AB485-1B3B-4129-BF32-53F349B433E6}.Release|Any CPU.ActiveCfg = Release|Any CPU
		{792AB485-1B3B-4129-BF32-53F349B433E6}.Release|Any CPU.Build.0 = Release|Any CPU
		{E3C67968-B1C1-4735-84AD-31C68FE13179}.Debug|Any CPU.ActiveCfg = Debug|Any CPU
		{E3C67968-B1C1-4735-84AD-31C68FE13179}.Debug|Any CPU.Build.0 = Debug|Any CPU
		{E3C67968-B1C1-4735-84AD-31C68FE13179}.Release|Any CPU.ActiveCfg = Release|Any CPU
		{E3C67968-B1C1-4735-84AD-31C68FE13179}.Release|Any CPU.Build.0 = Release|Any CPU
		{863158F3-DD99-4444-BC06-015DD37BC7AD}.Debug|Any CPU.ActiveCfg = Debug|Any CPU
		{863158F3-DD99-4444-BC06-015DD37BC7AD}.Debug|Any CPU.Build.0 = Debug|Any CPU
		{863158F3-DD99-4444-BC06-015DD37BC7AD}.Release|Any CPU.ActiveCfg = Release|Any CPU
		{863158F3-DD99-4444-BC06-015DD37BC7AD}.Release|Any CPU.Build.0 = Release|Any CPU
		{EADE16EA-051A-4B50-80E1-A522CFD13082}.Debug|Any CPU.ActiveCfg = Debug|Any CPU
		{EADE16EA-051A-4B50-80E1-A522CFD13082}.Debug|Any CPU.Build.0 = Debug|Any CPU
		{EADE16EA-051A-4B50-80E1-A522CFD13082}.Release|Any CPU.ActiveCfg = Release|Any CPU
		{EADE16EA-051A-4B50-80E1-A522CFD13082}.Release|Any CPU.Build.0 = Release|Any CPU
		{ED1426AE-AEC4-4B9A-B38F-003D067748D6}.Debug|Any CPU.ActiveCfg = Debug|Any CPU
		{ED1426AE-AEC4-4B9A-B38F-003D067748D6}.Debug|Any CPU.Build.0 = Debug|Any CPU
		{ED1426AE-AEC4-4B9A-B38F-003D067748D6}.Release|Any CPU.ActiveCfg = Release|Any CPU
		{ED1426AE-AEC4-4B9A-B38F-003D067748D6}.Release|Any CPU.Build.0 = Release|Any CPU
		{0C1F2A58-76F6-47E9-84EC-07FBC5B9CD0B}.Debug|Any CPU.ActiveCfg = Debug|Any CPU
		{0C1F2A58-76F6-47E9-84EC-07FBC5B9CD0B}.Debug|Any CPU.Build.0 = Debug|Any CPU
		{0C1F2A58-76F6-47E9-84EC-07FBC5B9CD0B}.Release|Any CPU.ActiveCfg = Release|Any CPU
		{0C1F2A58-76F6-47E9-84EC-07FBC5B9CD0B}.Release|Any CPU.Build.0 = Release|Any CPU
	EndGlobalSection
	GlobalSection(SolutionProperties) = preSolution
		HideSolutionNode = FALSE
	EndGlobalSection
	GlobalSection(ExtensibilityGlobals) = postSolution
		SolutionGuid = {C691D692-3073-4332-97FA-A1B2947AF8B5}
	EndGlobalSection
EndGlobal
